
Microsoft Visual Studio Solution File, Format Version 12.00
# Visual Studio Version 16
VisualStudioVersion = 16.0.30804.86
MinimumVisualStudioVersion = 15.0.26124.0
Project("{9A19103F-16F7-4668-BE54-9A1E7A4F7556}") = "Dashboard", "Dashboard\Dashboard.csproj", "{78C0E7CC-FDFE-4CB8-BD5A-675A2370A2B5}"
EndProject
Project("{9A19103F-16F7-4668-BE54-9A1E7A4F7556}") = "Infrastructure", "Infrastructure\Infrastructure.csproj", "{D4DAB544-391C-4497-9E40-27D8323D2B9C}"
EndProject
Project("{9A19103F-16F7-4668-BE54-9A1E7A4F7556}") = "Store", "Store\Store.csproj", "{BCAE8278-0330-44FF-B618-2F92BC684663}"
EndProject
Project("{9A19103F-16F7-4668-BE54-9A1E7A4F7556}") = "SharedCore", "SharedCore\SharedCore.csproj", "{C6AAD3F8-AE8C-47C7-98A5-F18660633130}"
EndProject
Global
	GlobalSection(SolutionConfigurationPlatforms) = preSolution
		Debug|Any CPU = Debug|Any CPU
		Debug|x64 = Debug|x64
		Debug|x86 = Debug|x86
		Release|Any CPU = Release|Any CPU
		Release|x64 = Release|x64
		Release|x86 = Release|x86
	EndGlobalSection
	GlobalSection(ProjectConfigurationPlatforms) = postSolution
		{78C0E7CC-FDFE-4CB8-BD5A-675A2370A2B5}.Debug|Any CPU.ActiveCfg = Debug|Any CPU
		{78C0E7CC-FDFE-4CB8-BD5A-675A2370A2B5}.Debug|Any CPU.Build.0 = Debug|Any CPU
		{78C0E7CC-FDFE-4CB8-BD5A-675A2370A2B5}.Debug|x64.ActiveCfg = Debug|Any CPU
		{78C0E7CC-FDFE-4CB8-BD5A-675A2370A2B5}.Debug|x64.Build.0 = Debug|Any CPU
		{78C0E7CC-FDFE-4CB8-BD5A-675A2370A2B5}.Debug|x86.ActiveCfg = Debug|Any CPU
		{78C0E7CC-FDFE-4CB8-BD5A-675A2370A2B5}.Debug|x86.Build.0 = Debug|Any CPU
		{78C0E7CC-FDFE-4CB8-BD5A-675A2370A2B5}.Release|Any CPU.ActiveCfg = Release|Any CPU
		{78C0E7CC-FDFE-4CB8-BD5A-675A2370A2B5}.Release|Any CPU.Build.0 = Release|Any CPU
		{78C0E7CC-FDFE-4CB8-BD5A-675A2370A2B5}.Release|x64.ActiveCfg = Release|Any CPU
		{78C0E7CC-FDFE-4CB8-BD5A-675A2370A2B5}.Release|x64.Build.0 = Release|Any CPU
		{78C0E7CC-FDFE-4CB8-BD5A-675A2370A2B5}.Release|x86.ActiveCfg = Release|Any CPU
		{78C0E7CC-FDFE-4CB8-BD5A-675A2370A2B5}.Release|x86.Build.0 = Release|Any CPU
		{D4DAB544-391C-4497-9E40-27D8323D2B9C}.Debug|Any CPU.ActiveCfg = Debug|Any CPU
		{D4DAB544-391C-4497-9E40-27D8323D2B9C}.Debug|Any CPU.Build.0 = Debug|Any CPU
		{D4DAB544-391C-4497-9E40-27D8323D2B9C}.Debug|x64.ActiveCfg = Debug|Any CPU
		{D4DAB544-391C-4497-9E40-27D8323D2B9C}.Debug|x64.Build.0 = Debug|Any CPU
		{D4DAB544-391C-4497-9E40-27D8323D2B9C}.Debug|x86.ActiveCfg = Debug|Any CPU
		{D4DAB544-391C-4497-9E40-27D8323D2B9C}.Debug|x86.Build.0 = Debug|Any CPU
		{D4DAB544-391C-4497-9E40-27D8323D2B9C}.Release|Any CPU.ActiveCfg = Release|Any CPU
		{D4DAB544-391C-4497-9E40-27D8323D2B9C}.Release|Any CPU.Build.0 = Release|Any CPU
		{D4DAB544-391C-4497-9E40-27D8323D2B9C}.Release|x64.ActiveCfg = Release|Any CPU
		{D4DAB544-391C-4497-9E40-27D8323D2B9C}.Release|x64.Build.0 = Release|Any CPU
		{D4DAB544-391C-4497-9E40-27D8323D2B9C}.Release|x86.ActiveCfg = Release|Any CPU
		{D4DAB544-391C-4497-9E40-27D8323D2B9C}.Release|x86.Build.0 = Release|Any CPU
		{BCAE8278-0330-44FF-B618-2F92BC684663}.Debug|Any CPU.ActiveCfg = Debug|Any CPU
		{BCAE8278-0330-44FF-B618-2F92BC684663}.Debug|Any CPU.Build.0 = Debug|Any CPU
		{BCAE8278-0330-44FF-B618-2F92BC684663}.Debug|x64.ActiveCfg = Debug|Any CPU
		{BCAE8278-0330-44FF-B618-2F92BC684663}.Debug|x64.Build.0 = Debug|Any CPU
		{BCAE8278-0330-44FF-B618-2F92BC684663}.Debug|x86.ActiveCfg = Debug|Any CPU
		{BCAE8278-0330-44FF-B618-2F92BC684663}.Debug|x86.Build.0 = Debug|Any CPU
		{BCAE8278-0330-44FF-B618-2F92BC684663}.Release|Any CPU.ActiveCfg = Release|Any CPU
		{BCAE8278-0330-44FF-B618-2F92BC684663}.Release|Any CPU.Build.0 = Release|Any CPU
		{BCAE8278-0330-44FF-B618-2F92BC684663}.Release|x64.ActiveCfg = Release|Any CPU
		{BCAE8278-0330-44FF-B618-2F92BC684663}.Release|x64.Build.0 = Release|Any CPU
		{BCAE8278-0330-44FF-B618-2F92BC684663}.Release|x86.ActiveCfg = Release|Any CPU
		{BCAE8278-0330-44FF-B618-2F92BC684663}.Release|x86.Build.0 = Release|Any CPU
		{C6AAD3F8-AE8C-47C7-98A5-F18660633130}.Debug|Any CPU.ActiveCfg = Debug|Any CPU
		{C6AAD3F8-AE8C-47C7-98A5-F18660633130}.Debug|Any CPU.Build.0 = Debug|Any CPU
		{C6AAD3F8-AE8C-47C7-98A5-F18660633130}.Debug|x64.ActiveCfg = Debug|Any CPU
		{C6AAD3F8-AE8C-47C7-98A5-F18660633130}.Debug|x64.Build.0 = Debug|Any CPU
		{C6AAD3F8-AE8C-47C7-98A5-F18660633130}.Debug|x86.ActiveCfg = Debug|Any CPU
		{C6AAD3F8-AE8C-47C7-98A5-F18660633130}.Debug|x86.Build.0 = Debug|Any CPU
		{C6AAD3F8-AE8C-47C7-98A5-F18660633130}.Release|Any CPU.ActiveCfg = Release|Any CPU
		{C6AAD3F8-AE8C-47C7-98A5-F18660633130}.Release|Any CPU.Build.0 = Release|Any CPU
		{C6AAD3F8-AE8C-47C7-98A5-F18660633130}.Release|x64.ActiveCfg = Release|Any CPU
		{C6AAD3F8-AE8C-47C7-98A5-F18660633130}.Release|x64.Build.0 = Release|Any CPU
		{C6AAD3F8-AE8C-47C7-98A5-F18660633130}.Release|x86.ActiveCfg = Release|Any CPU
		{C6AAD3F8-AE8C-47C7-98A5-F18660633130}.Release|x86.Build.0 = Release|Any CPU
	EndGlobalSection
	GlobalSection(SolutionProperties) = preSolution
		HideSolutionNode = FALSE
	EndGlobalSection
	GlobalSection(ExtensibilityGlobals) = postSolution
		SolutionGuid = {4F0C7FAC-6FB7-4D26-9712-CDE2272BC7F9}
	EndGlobalSection
EndGlobal
