
Microsoft Visual Studio Solution File, Format Version 12.00
# Visual Studio 15
VisualStudioVersion = 15.0.26124.0
MinimumVisualStudioVersion = 15.0.26124.0
Project("{FAE04EC0-301F-11D3-BF4B-00C04F79EFBC}") = "Core", "Core\Core.csproj", "{DB439210-CA4D-4C74-9670-1DBA39D6B041}"
EndProject
Project("{FAE04EC0-301F-11D3-BF4B-00C04F79EFBC}") = "Dashboard", "Dashboard\Dashboard.csproj", "{78C0E7CC-FDFE-4CB8-BD5A-675A2370A2B5}"
EndProject
Project("{FAE04EC0-301F-11D3-BF4B-00C04F79EFBC}") = "Infrastructure", "Infrastructure\Infrastructure.csproj", "{D4DAB544-391C-4497-9E40-27D8323D2B9C}"
EndProject
Project("{FAE04EC0-301F-11D3-BF4B-00C04F79EFBC}") = "Store", "Store\Store.csproj", "{BCAE8278-0330-44FF-B618-2F92BC684663}"
EndProject
Global
	GlobalSection(SolutionConfigurationPlatforms) = preSolution
		Debug|Any CPU = Debug|Any CPU
		Debug|x64 = Debug|x64
		Debug|x86 = Debug|x86
		Release|Any CPU = Release|Any CPU
		Release|x64 = Release|x64
		Release|x86 = Release|x86
	EndGlobalSection
	GlobalSection(SolutionProperties) = preSolution
		HideSolutionNode = FALSE
	EndGlobalSection
	GlobalSection(ProjectConfigurationPlatforms) = postSolution
		{DB439210-CA4D-4C74-9670-1DBA39D6B041}.Debug|Any CPU.ActiveCfg = Debug|Any CPU
		{DB439210-CA4D-4C74-9670-1DBA39D6B041}.Debug|Any CPU.Build.0 = Debug|Any CPU
		{DB439210-CA4D-4C74-9670-1DBA39D6B041}.Debug|x64.ActiveCfg = Debug|Any CPU
		{DB439210-CA4D-4C74-9670-1DBA39D6B041}.Debug|x64.Build.0 = Debug|Any CPU
		{DB439210-CA4D-4C74-9670-1DBA39D6B041}.Debug|x86.ActiveCfg = Debug|Any CPU
		{DB439210-CA4D-4C74-9670-1DBA39D6B041}.Debug|x86.Build.0 = Debug|Any CPU
		{DB439210-CA4D-4C74-9670-1DBA39D6B041}.Release|Any CPU.ActiveCfg = Release|Any CPU
		{DB439210-CA4D-4C74-9670-1DBA39D6B041}.Release|Any CPU.Build.0 = Release|Any CPU
		{DB439210-CA4D-4C74-9670-1DBA39D6B041}.Release|x64.ActiveCfg = Release|Any CPU
		{DB439210-CA4D-4C74-9670-1DBA39D6B041}.Release|x64.Build.0 = Release|Any CPU
		{DB439210-CA4D-4C74-9670-1DBA39D6B041}.Release|x86.ActiveCfg = Release|Any CPU
		{DB439210-CA4D-4C74-9670-1DBA39D6B041}.Release|x86.Build.0 = Release|Any CPU
		{78C0E7CC-FDFE-4CB8-BD5A-675A2370A2B5}.Debug|Any CPU.ActiveCfg = Debug|Any CPU
		{78C0E7CC-FDFE-4CB8-BD5A-675A2370A2B5}.Debug|Any CPU.Build.0 = Debug|Any CPU
		{78C0E7CC-FDFE-4CB8-BD5A-675A2370A2B5}.Debug|x64.ActiveCfg = Debug|Any CPU
		{78C0E7CC-FDFE-4CB8-BD5A-675A2370A2B5}.Debug|x64.Build.0 = Debug|Any CPU
		{78C0E7CC-FDFE-4CB8-BD5A-675A2370A2B5}.Debug|x86.ActiveCfg = Debug|Any CPU
		{78C0E7CC-FDFE-4CB8-BD5A-675A2370A2B5}.Debug|x86.Build.0 = Debug|Any CPU
		{78C0E7CC-FDFE-4CB8-BD5A-675A2370A2B5}.Release|Any CPU.ActiveCfg = Release|Any CPU
		{78C0E7CC-FDFE-4CB8-BD5A-675A2370A2B5}.Release|Any CPU.Build.0 = Release|Any CPU
		{78C0E7CC-FDFE-4CB8-BD5A-675A2370A2B5}.Release|x64.ActiveCfg = Release|Any CPU
		{78C0E7CC-FDFE-4CB8-BD5A-675A2370A2B5}.Release|x64.Build.0 = Release|Any CPU
		{78C0E7CC-FDFE-4CB8-BD5A-675A2370A2B5}.Release|x86.ActiveCfg = Release|Any CPU
		{78C0E7CC-FDFE-4CB8-BD5A-675A2370A2B5}.Release|x86.Build.0 = Release|Any CPU
		{D4DAB544-391C-4497-9E40-27D8323D2B9C}.Debug|Any CPU.ActiveCfg = Debug|Any CPU
		{D4DAB544-391C-4497-9E40-27D8323D2B9C}.Debug|Any CPU.Build.0 = Debug|Any CPU
		{D4DAB544-391C-4497-9E40-27D8323D2B9C}.Debug|x64.ActiveCfg = Debug|Any CPU
		{D4DAB544-391C-4497-9E40-27D8323D2B9C}.Debug|x64.Build.0 = Debug|Any CPU
		{D4DAB544-391C-4497-9E40-27D8323D2B9C}.Debug|x86.ActiveCfg = Debug|Any CPU
		{D4DAB544-391C-4497-9E40-27D8323D2B9C}.Debug|x86.Build.0 = Debug|Any CPU
		{D4DAB544-391C-4497-9E40-27D8323D2B9C}.Release|Any CPU.ActiveCfg = Release|Any CPU
		{D4DAB544-391C-4497-9E40-27D8323D2B9C}.Release|Any CPU.Build.0 = Release|Any CPU
		{D4DAB544-391C-4497-9E40-27D8323D2B9C}.Release|x64.ActiveCfg = Release|Any CPU
		{D4DAB544-391C-4497-9E40-27D8323D2B9C}.Release|x64.Build.0 = Release|Any CPU
		{D4DAB544-391C-4497-9E40-27D8323D2B9C}.Release|x86.ActiveCfg = Release|Any CPU
		{D4DAB544-391C-4497-9E40-27D8323D2B9C}.Release|x86.Build.0 = Release|Any CPU
		{BCAE8278-0330-44FF-B618-2F92BC684663}.Debug|Any CPU.ActiveCfg = Debug|Any CPU
		{BCAE8278-0330-44FF-B618-2F92BC684663}.Debug|Any CPU.Build.0 = Debug|Any CPU
		{BCAE8278-0330-44FF-B618-2F92BC684663}.Debug|x64.ActiveCfg = Debug|Any CPU
		{BCAE8278-0330-44FF-B618-2F92BC684663}.Debug|x64.Build.0 = Debug|Any CPU
		{BCAE8278-0330-44FF-B618-2F92BC684663}.Debug|x86.ActiveCfg = Debug|Any CPU
		{BCAE8278-0330-44FF-B618-2F92BC684663}.Debug|x86.Build.0 = Debug|Any CPU
		{BCAE8278-0330-44FF-B618-2F92BC684663}.Release|Any CPU.ActiveCfg = Release|Any CPU
		{BCAE8278-0330-44FF-B618-2F92BC684663}.Release|Any CPU.Build.0 = Release|Any CPU
		{BCAE8278-0330-44FF-B618-2F92BC684663}.Release|x64.ActiveCfg = Release|Any CPU
		{BCAE8278-0330-44FF-B618-2F92BC684663}.Release|x64.Build.0 = Release|Any CPU
		{BCAE8278-0330-44FF-B618-2F92BC684663}.Release|x86.ActiveCfg = Release|Any CPU
		{BCAE8278-0330-44FF-B618-2F92BC684663}.Release|x86.Build.0 = Release|Any CPU
	EndGlobalSection
EndGlobal
